
Microsoft Visual Studio Solution File, Format Version 12.00
Project("{FAE04EC0-301F-11D3-BF4B-00C04F79EFBC}") = "Sifter", "Sifter\Sifter.csproj", "{A43E87D3-B83C-4DB8-A0FC-9B73214F0C6C}"
EndProject
Project("{FAE04EC0-301F-11D3-BF4B-00C04F79EFBC}") = "Tests", "Tests\Tests.csproj", "{101D5823-56F9-406C-8DC0-F0C22F2C46F4}"
EndProject
Global
	GlobalSection(SolutionConfigurationPlatforms) = preSolution
		Debug|Any CPU = Debug|Any CPU
		Release|Any CPU = Release|Any CPU
	EndGlobalSection
	GlobalSection(ProjectConfigurationPlatforms) = postSolution
		{A43E87D3-B83C-4DB8-A0FC-9B73214F0C6C}.Debug|Any CPU.ActiveCfg = Debug|Any CPU
		{A43E87D3-B83C-4DB8-A0FC-9B73214F0C6C}.Debug|Any CPU.Build.0 = Debug|Any CPU
		{A43E87D3-B83C-4DB8-A0FC-9B73214F0C6C}.Release|Any CPU.ActiveCfg = Release|Any CPU
		{A43E87D3-B83C-4DB8-A0FC-9B73214F0C6C}.Release|Any CPU.Build.0 = Release|Any CPU
		{101D5823-56F9-406C-8DC0-F0C22F2C46F4}.Debug|Any CPU.ActiveCfg = Debug|Any CPU
		{101D5823-56F9-406C-8DC0-F0C22F2C46F4}.Debug|Any CPU.Build.0 = Debug|Any CPU
		{101D5823-56F9-406C-8DC0-F0C22F2C46F4}.Release|Any CPU.ActiveCfg = Release|Any CPU
		{101D5823-56F9-406C-8DC0-F0C22F2C46F4}.Release|Any CPU.Build.0 = Release|Any CPU
	EndGlobalSection
EndGlobal
